// !$*UTF8*$!
{
	archiveVersion = 1;
	classes = {
	};
	objectVersion = 56;
	objects = {

/* Begin PBXBuildFile section */
		50128F0A2943C9E80040695C /* SetItem.swift in Sources */ = {isa = PBXBuildFile; fileRef = 50128F092943C9E80040695C /* SetItem.swift */; };
		50128F0C2943CD7B0040695C /* CollectionViewCell.swift in Sources */ = {isa = PBXBuildFile; fileRef = 50128F0B2943CD7B0040695C /* CollectionViewCell.swift */; };
		50128F0E2944E24D0040695C /* CreateViewController.swift in Sources */ = {isa = PBXBuildFile; fileRef = 50128F0D2944E24D0040695C /* CreateViewController.swift */; };
		501707BD29457B3E00785A3C /* LoginViewController.swift in Sources */ = {isa = PBXBuildFile; fileRef = 501707BC29457B3E00785A3C /* LoginViewController.swift */; };
		501707C0294599A600785A3C /* HomeViewController.swift in Sources */ = {isa = PBXBuildFile; fileRef = 501707BF294599A600785A3C /* HomeViewController.swift */; };
		501707C42946844600785A3C /* DeckCollectionViewCell.swift in Sources */ = {isa = PBXBuildFile; fileRef = 501707C32946844600785A3C /* DeckCollectionViewCell.swift */; };
		501CFAB2297084F7002395CD /* CrossWordAlgo.swift in Sources */ = {isa = PBXBuildFile; fileRef = 501CFAB1297084F7002395CD /* CrossWordAlgo.swift */; };
		501CFAB42971C43C002395CD /* CrosswordViewController.swift in Sources */ = {isa = PBXBuildFile; fileRef = 501CFAB32971C43C002395CD /* CrosswordViewController.swift */; };
		502B70C92945004E008EAF52 /* FirebaseAuth in Frameworks */ = {isa = PBXBuildFile; productRef = 502B70C82945004E008EAF52 /* FirebaseAuth */; };
		502B70CB2945004E008EAF52 /* FirebaseDatabase in Frameworks */ = {isa = PBXBuildFile; productRef = 502B70CA2945004E008EAF52 /* FirebaseDatabase */; };
		502B70CD2945004E008EAF52 /* FirebaseFirestore in Frameworks */ = {isa = PBXBuildFile; productRef = 502B70CC2945004E008EAF52 /* FirebaseFirestore */; };
		502B70CF2945004E008EAF52 /* FirebaseStorage in Frameworks */ = {isa = PBXBuildFile; productRef = 502B70CE2945004E008EAF52 /* FirebaseStorage */; };
		502B70D329451B6A008EAF52 /* SignupViewController.swift in Sources */ = {isa = PBXBuildFile; fileRef = 502B70D229451B6A008EAF52 /* SignupViewController.swift */; };
		502B70D529451D92008EAF52 /* User.swift in Sources */ = {isa = PBXBuildFile; fileRef = 502B70D429451D91008EAF52 /* User.swift */; };
		502B70D72945302F008EAF52 /* GoogleService-Info.plist in Resources */ = {isa = PBXBuildFile; fileRef = 502B70D62945302F008EAF52 /* GoogleService-Info.plist */; };
		50A70D232943B71B00DC96A2 /* AppDelegate.swift in Sources */ = {isa = PBXBuildFile; fileRef = 50A70D222943B71B00DC96A2 /* AppDelegate.swift */; };
		50A70D252943B71B00DC96A2 /* SceneDelegate.swift in Sources */ = {isa = PBXBuildFile; fileRef = 50A70D242943B71B00DC96A2 /* SceneDelegate.swift */; };
		50A70D272943B71B00DC96A2 /* ViewController.swift in Sources */ = {isa = PBXBuildFile; fileRef = 50A70D262943B71B00DC96A2 /* ViewController.swift */; };
		50A70D2A2943B71B00DC96A2 /* Main.storyboard in Resources */ = {isa = PBXBuildFile; fileRef = 50A70D282943B71B00DC96A2 /* Main.storyboard */; };
		50A70D2C2943B71F00DC96A2 /* Assets.xcassets in Resources */ = {isa = PBXBuildFile; fileRef = 50A70D2B2943B71F00DC96A2 /* Assets.xcassets */; };
		50A70D2F2943B71F00DC96A2 /* LaunchScreen.storyboard in Resources */ = {isa = PBXBuildFile; fileRef = 50A70D2D2943B71F00DC96A2 /* LaunchScreen.storyboard */; };
		50A821942954BD8900FE3850 /* KeyboardHelper.swift in Sources */ = {isa = PBXBuildFile; fileRef = 50A821932954BD8900FE3850 /* KeyboardHelper.swift */; };
		50A821962955064300FE3850 /* ImageDisplayed.swift in Sources */ = {isa = PBXBuildFile; fileRef = 50A821952955064300FE3850 /* ImageDisplayed.swift */; };
		50A82198296606C800FE3850 /* UserCustomizationViewController.swift in Sources */ = {isa = PBXBuildFile; fileRef = 50A82197296606C700FE3850 /* UserCustomizationViewController.swift */; };
		50AF4C8C2953820800FEC32B /* CreateCollectionViewCell.swift in Sources */ = {isa = PBXBuildFile; fileRef = 50AF4C8B2953820800FEC32B /* CreateCollectionViewCell.swift */; };
		50AF4C8E295409EB00FEC32B /* AccessViewController.swift in Sources */ = {isa = PBXBuildFile; fileRef = 50AF4C8D295409EB00FEC32B /* AccessViewController.swift */; };
		50B0B69829724AAA0049A67F /* BlockCollectionViewCell.swift in Sources */ = {isa = PBXBuildFile; fileRef = 50B0B69729724AAA0049A67F /* BlockCollectionViewCell.swift */; };
		50DDA5FD297EF0070008F31A /* MatchCollectionViewCell.swift in Sources */ = {isa = PBXBuildFile; fileRef = 50DDA5FC297EF0070008F31A /* MatchCollectionViewCell.swift */; };
		50DDA5FF297EF0FC0008F31A /* Deck.swift in Sources */ = {isa = PBXBuildFile; fileRef = 50DDA5FE297EF0FC0008F31A /* Deck.swift */; };
		50DDA6012980197A0008F31A /* MatchVIewController.swift in Sources */ = {isa = PBXBuildFile; fileRef = 50DDA6002980197A0008F31A /* MatchVIewController.swift */; };
/* End PBXBuildFile section */

/* Begin PBXFileReference section */
		50128F092943C9E80040695C /* SetItem.swift */ = {isa = PBXFileReference; lastKnownFileType = sourcecode.swift; path = SetItem.swift; sourceTree = "<group>"; };
		50128F0B2943CD7B0040695C /* CollectionViewCell.swift */ = {isa = PBXFileReference; lastKnownFileType = sourcecode.swift; path = CollectionViewCell.swift; sourceTree = "<group>"; };
		50128F0D2944E24D0040695C /* CreateViewController.swift */ = {isa = PBXFileReference; lastKnownFileType = sourcecode.swift; path = CreateViewController.swift; sourceTree = "<group>"; };
		501707BC29457B3E00785A3C /* LoginViewController.swift */ = {isa = PBXFileReference; lastKnownFileType = sourcecode.swift; path = LoginViewController.swift; sourceTree = "<group>"; };
		501707BF294599A600785A3C /* HomeViewController.swift */ = {isa = PBXFileReference; lastKnownFileType = sourcecode.swift; path = HomeViewController.swift; sourceTree = "<group>"; };
		501707C32946844600785A3C /* DeckCollectionViewCell.swift */ = {isa = PBXFileReference; lastKnownFileType = sourcecode.swift; path = DeckCollectionViewCell.swift; sourceTree = "<group>"; };
		501CFAB1297084F7002395CD /* CrossWordAlgo.swift */ = {isa = PBXFileReference; lastKnownFileType = sourcecode.swift; path = CrossWordAlgo.swift; sourceTree = "<group>"; };
		501CFAB32971C43C002395CD /* CrosswordViewController.swift */ = {isa = PBXFileReference; lastKnownFileType = sourcecode.swift; path = CrosswordViewController.swift; sourceTree = "<group>"; };
		502B70D229451B6A008EAF52 /* SignupViewController.swift */ = {isa = PBXFileReference; lastKnownFileType = sourcecode.swift; path = SignupViewController.swift; sourceTree = "<group>"; };
		502B70D429451D91008EAF52 /* User.swift */ = {isa = PBXFileReference; lastKnownFileType = sourcecode.swift; path = User.swift; sourceTree = "<group>"; };
		502B70D62945302F008EAF52 /* GoogleService-Info.plist */ = {isa = PBXFileReference; fileEncoding = 4; lastKnownFileType = text.plist.xml; path = "GoogleService-Info.plist"; sourceTree = "<group>"; };
		50A70D1F2943B71B00DC96A2 /* Kade-Capstone.app */ = {isa = PBXFileReference; explicitFileType = wrapper.application; includeInIndex = 0; path = "Kade-Capstone.app"; sourceTree = BUILT_PRODUCTS_DIR; };
		50A70D222943B71B00DC96A2 /* AppDelegate.swift */ = {isa = PBXFileReference; lastKnownFileType = sourcecode.swift; path = AppDelegate.swift; sourceTree = "<group>"; };
		50A70D242943B71B00DC96A2 /* SceneDelegate.swift */ = {isa = PBXFileReference; lastKnownFileType = sourcecode.swift; path = SceneDelegate.swift; sourceTree = "<group>"; };
		50A70D262943B71B00DC96A2 /* ViewController.swift */ = {isa = PBXFileReference; lastKnownFileType = sourcecode.swift; path = ViewController.swift; sourceTree = "<group>"; };
		50A70D292943B71B00DC96A2 /* Base */ = {isa = PBXFileReference; lastKnownFileType = file.storyboard; name = Base; path = Base.lproj/Main.storyboard; sourceTree = "<group>"; };
		50A70D2B2943B71F00DC96A2 /* Assets.xcassets */ = {isa = PBXFileReference; lastKnownFileType = folder.assetcatalog; path = Assets.xcassets; sourceTree = "<group>"; };
		50A70D2E2943B71F00DC96A2 /* Base */ = {isa = PBXFileReference; lastKnownFileType = file.storyboard; name = Base; path = Base.lproj/LaunchScreen.storyboard; sourceTree = "<group>"; };
		50A70D302943B71F00DC96A2 /* Info.plist */ = {isa = PBXFileReference; lastKnownFileType = text.plist.xml; path = Info.plist; sourceTree = "<group>"; };
		50A821932954BD8900FE3850 /* KeyboardHelper.swift */ = {isa = PBXFileReference; lastKnownFileType = sourcecode.swift; path = KeyboardHelper.swift; sourceTree = "<group>"; };
		50A821952955064300FE3850 /* ImageDisplayed.swift */ = {isa = PBXFileReference; lastKnownFileType = sourcecode.swift; path = ImageDisplayed.swift; sourceTree = "<group>"; };
		50A82197296606C700FE3850 /* UserCustomizationViewController.swift */ = {isa = PBXFileReference; lastKnownFileType = sourcecode.swift; path = UserCustomizationViewController.swift; sourceTree = "<group>"; };
		50AF4C8B2953820800FEC32B /* CreateCollectionViewCell.swift */ = {isa = PBXFileReference; lastKnownFileType = sourcecode.swift; path = CreateCollectionViewCell.swift; sourceTree = "<group>"; };
		50AF4C8D295409EB00FEC32B /* AccessViewController.swift */ = {isa = PBXFileReference; lastKnownFileType = sourcecode.swift; path = AccessViewController.swift; sourceTree = "<group>"; };
		50B0B69729724AAA0049A67F /* BlockCollectionViewCell.swift */ = {isa = PBXFileReference; lastKnownFileType = sourcecode.swift; path = BlockCollectionViewCell.swift; sourceTree = "<group>"; };
		50DDA5FC297EF0070008F31A /* MatchCollectionViewCell.swift */ = {isa = PBXFileReference; lastKnownFileType = sourcecode.swift; path = MatchCollectionViewCell.swift; sourceTree = "<group>"; };
		50DDA5FE297EF0FC0008F31A /* Deck.swift */ = {isa = PBXFileReference; lastKnownFileType = sourcecode.swift; path = Deck.swift; sourceTree = "<group>"; };
		50DDA6002980197A0008F31A /* MatchVIewController.swift */ = {isa = PBXFileReference; lastKnownFileType = sourcecode.swift; path = MatchVIewController.swift; sourceTree = "<group>"; };
/* End PBXFileReference section */

/* Begin PBXFrameworksBuildPhase section */
		50A70D1C2943B71B00DC96A2 /* Frameworks */ = {
			isa = PBXFrameworksBuildPhase;
			buildActionMask = 2147483647;
			files = (
				502B70CB2945004E008EAF52 /* FirebaseDatabase in Frameworks */,
				502B70CF2945004E008EAF52 /* FirebaseStorage in Frameworks */,
				502B70C92945004E008EAF52 /* FirebaseAuth in Frameworks */,
				502B70CD2945004E008EAF52 /* FirebaseFirestore in Frameworks */,
			);
			runOnlyForDeploymentPostprocessing = 0;
		};
/* End PBXFrameworksBuildPhase section */

/* Begin PBXGroup section */
		501707BE2945906900785A3C /* ViewControllers */ = {
			isa = PBXGroup;
			children = (
				50A70D262943B71B00DC96A2 /* ViewController.swift */,
				502B70D229451B6A008EAF52 /* SignupViewController.swift */,
				501707BC29457B3E00785A3C /* LoginViewController.swift */,
				50128F0D2944E24D0040695C /* CreateViewController.swift */,
				501707BF294599A600785A3C /* HomeViewController.swift */,
				50AF4C8D295409EB00FEC32B /* AccessViewController.swift */,
				50A82197296606C700FE3850 /* UserCustomizationViewController.swift */,
				501CFAB32971C43C002395CD /* CrosswordViewController.swift */,
				50DDA6002980197A0008F31A /* MatchVIewController.swift */,
			);
			path = ViewControllers;
			sourceTree = "<group>";
		};
		50A70D162943B71B00DC96A2 = {
			isa = PBXGroup;
			children = (
				50A70D212943B71B00DC96A2 /* Kade-Capstone */,
				50A70D202943B71B00DC96A2 /* Products */,
			);
			sourceTree = "<group>";
		};
		50A70D202943B71B00DC96A2 /* Products */ = {
			isa = PBXGroup;
			children = (
				50A70D1F2943B71B00DC96A2 /* Kade-Capstone.app */,
			);
			name = Products;
			sourceTree = "<group>";
		};
		50A70D212943B71B00DC96A2 /* Kade-Capstone */ = {
			isa = PBXGroup;
			children = (
				50DDA5FB297EEE260008F31A /* Class_Structs */,
				501707BE2945906900785A3C /* ViewControllers */,
				50DDA5F9297EED9E0008F31A /* Cells */,
				50A70D222943B71B00DC96A2 /* AppDelegate.swift */,
				50A70D242943B71B00DC96A2 /* SceneDelegate.swift */,
				50A70D282943B71B00DC96A2 /* Main.storyboard */,
				50A70D2B2943B71F00DC96A2 /* Assets.xcassets */,
				50A70D2D2943B71F00DC96A2 /* LaunchScreen.storyboard */,
				50A70D302943B71F00DC96A2 /* Info.plist */,
				502B70D62945302F008EAF52 /* GoogleService-Info.plist */,
			);
			path = "Kade-Capstone";
			sourceTree = "<group>";
		};
		50DDA5F9297EED9E0008F31A /* Cells */ = {
			isa = PBXGroup;
			children = (
				50B0B69729724AAA0049A67F /* BlockCollectionViewCell.swift */,
				50AF4C8B2953820800FEC32B /* CreateCollectionViewCell.swift */,
				501707C32946844600785A3C /* DeckCollectionViewCell.swift */,
				50128F0B2943CD7B0040695C /* CollectionViewCell.swift */,
				50DDA5FC297EF0070008F31A /* MatchCollectionViewCell.swift */,
			);
			path = Cells;
			sourceTree = "<group>";
		};
		50DDA5FB297EEE260008F31A /* Class_Structs */ = {
			isa = PBXGroup;
			children = (
				50128F092943C9E80040695C /* SetItem.swift */,
				502B70D429451D91008EAF52 /* User.swift */,
				50A821932954BD8900FE3850 /* KeyboardHelper.swift */,
				50A821952955064300FE3850 /* ImageDisplayed.swift */,
				501CFAB1297084F7002395CD /* CrossWordAlgo.swift */,
				50DDA5FE297EF0FC0008F31A /* Deck.swift */,
			);
			path = Class_Structs;
			sourceTree = "<group>";
		};
/* End PBXGroup section */

/* Begin PBXNativeTarget section */
		50A70D1E2943B71B00DC96A2 /* Kade-Capstone */ = {
			isa = PBXNativeTarget;
			buildConfigurationList = 50A70D332943B71F00DC96A2 /* Build configuration list for PBXNativeTarget "Kade-Capstone" */;
			buildPhases = (
				50A70D1B2943B71B00DC96A2 /* Sources */,
				50A70D1C2943B71B00DC96A2 /* Frameworks */,
				50A70D1D2943B71B00DC96A2 /* Resources */,
			);
			buildRules = (
			);
			dependencies = (
			);
			name = "Kade-Capstone";
			packageProductDependencies = (
				502B70C82945004E008EAF52 /* FirebaseAuth */,
				502B70CA2945004E008EAF52 /* FirebaseDatabase */,
				502B70CC2945004E008EAF52 /* FirebaseFirestore */,
				502B70CE2945004E008EAF52 /* FirebaseStorage */,
			);
			productName = "Kade-Capstone";
			productReference = 50A70D1F2943B71B00DC96A2 /* Kade-Capstone.app */;
			productType = "com.apple.product-type.application";
		};
/* End PBXNativeTarget section */

/* Begin PBXProject section */
		50A70D172943B71B00DC96A2 /* Project object */ = {
			isa = PBXProject;
			attributes = {
				BuildIndependentTargetsInParallel = 1;
				LastSwiftUpdateCheck = 1410;
				LastUpgradeCheck = 1410;
				TargetAttributes = {
					50A70D1E2943B71B00DC96A2 = {
						CreatedOnToolsVersion = 14.1;
					};
				};
			};
			buildConfigurationList = 50A70D1A2943B71B00DC96A2 /* Build configuration list for PBXProject "Kade-Capstone" */;
			compatibilityVersion = "Xcode 14.0";
			developmentRegion = en;
			hasScannedForEncodings = 0;
			knownRegions = (
				en,
				Base,
			);
			mainGroup = 50A70D162943B71B00DC96A2;
			packageReferences = (
				502B70C72945004E008EAF52 /* XCRemoteSwiftPackageReference "firebase-ios-sdk" */,
			);
			productRefGroup = 50A70D202943B71B00DC96A2 /* Products */;
			projectDirPath = "";
			projectRoot = "";
			targets = (
				50A70D1E2943B71B00DC96A2 /* Kade-Capstone */,
			);
		};
/* End PBXProject section */

/* Begin PBXResourcesBuildPhase section */
		50A70D1D2943B71B00DC96A2 /* Resources */ = {
			isa = PBXResourcesBuildPhase;
			buildActionMask = 2147483647;
			files = (
				50A70D2F2943B71F00DC96A2 /* LaunchScreen.storyboard in Resources */,
				50A70D2C2943B71F00DC96A2 /* Assets.xcassets in Resources */,
				502B70D72945302F008EAF52 /* GoogleService-Info.plist in Resources */,
				50A70D2A2943B71B00DC96A2 /* Main.storyboard in Resources */,
			);
			runOnlyForDeploymentPostprocessing = 0;
		};
/* End PBXResourcesBuildPhase section */

/* Begin PBXSourcesBuildPhase section */
		50A70D1B2943B71B00DC96A2 /* Sources */ = {
			isa = PBXSourcesBuildPhase;
			buildActionMask = 2147483647;
			files = (
				501707BD29457B3E00785A3C /* LoginViewController.swift in Sources */,
				50A70D272943B71B00DC96A2 /* ViewController.swift in Sources */,
				50A821942954BD8900FE3850 /* KeyboardHelper.swift in Sources */,
				502B70D329451B6A008EAF52 /* SignupViewController.swift in Sources */,
				50128F0C2943CD7B0040695C /* CollectionViewCell.swift in Sources */,
				50AF4C8C2953820800FEC32B /* CreateCollectionViewCell.swift in Sources */,
				50B0B69829724AAA0049A67F /* BlockCollectionViewCell.swift in Sources */,
				50128F0E2944E24D0040695C /* CreateViewController.swift in Sources */,
				50A82198296606C800FE3850 /* UserCustomizationViewController.swift in Sources */,
				501707C0294599A600785A3C /* HomeViewController.swift in Sources */,
				50DDA6012980197A0008F31A /* MatchVIewController.swift in Sources */,
				502B70D529451D92008EAF52 /* User.swift in Sources */,
				50A821962955064300FE3850 /* ImageDisplayed.swift in Sources */,
				501707C42946844600785A3C /* DeckCollectionViewCell.swift in Sources */,
				50A70D232943B71B00DC96A2 /* AppDelegate.swift in Sources */,
				50A70D252943B71B00DC96A2 /* SceneDelegate.swift in Sources */,
				501CFAB2297084F7002395CD /* CrossWordAlgo.swift in Sources */,
				50128F0A2943C9E80040695C /* SetItem.swift in Sources */,
				50AF4C8E295409EB00FEC32B /* AccessViewController.swift in Sources */,
				50DDA5FD297EF0070008F31A /* MatchCollectionViewCell.swift in Sources */,
				50DDA5FF297EF0FC0008F31A /* Deck.swift in Sources */,
				501CFAB42971C43C002395CD /* CrosswordViewController.swift in Sources */,
			);
			runOnlyForDeploymentPostprocessing = 0;
		};
/* End PBXSourcesBuildPhase section */

/* Begin PBXVariantGroup section */
		50A70D282943B71B00DC96A2 /* Main.storyboard */ = {
			isa = PBXVariantGroup;
			children = (
				50A70D292943B71B00DC96A2 /* Base */,
			);
			name = Main.storyboard;
			sourceTree = "<group>";
		};
		50A70D2D2943B71F00DC96A2 /* LaunchScreen.storyboard */ = {
			isa = PBXVariantGroup;
			children = (
				50A70D2E2943B71F00DC96A2 /* Base */,
			);
			name = LaunchScreen.storyboard;
			sourceTree = "<group>";
		};
/* End PBXVariantGroup section */

/* Begin XCBuildConfiguration section */
		50A70D312943B71F00DC96A2 /* Debug */ = {
			isa = XCBuildConfiguration;
			buildSettings = {
				ALWAYS_SEARCH_USER_PATHS = NO;
				CLANG_ANALYZER_NONNULL = YES;
				CLANG_ANALYZER_NUMBER_OBJECT_CONVERSION = YES_AGGRESSIVE;
				CLANG_CXX_LANGUAGE_STANDARD = "gnu++20";
				CLANG_ENABLE_MODULES = YES;
				CLANG_ENABLE_OBJC_ARC = YES;
				CLANG_ENABLE_OBJC_WEAK = YES;
				CLANG_WARN_BLOCK_CAPTURE_AUTORELEASING = YES;
				CLANG_WARN_BOOL_CONVERSION = YES;
				CLANG_WARN_COMMA = YES;
				CLANG_WARN_CONSTANT_CONVERSION = YES;
				CLANG_WARN_DEPRECATED_OBJC_IMPLEMENTATIONS = YES;
				CLANG_WARN_DIRECT_OBJC_ISA_USAGE = YES_ERROR;
				CLANG_WARN_DOCUMENTATION_COMMENTS = YES;
				CLANG_WARN_EMPTY_BODY = YES;
				CLANG_WARN_ENUM_CONVERSION = YES;
				CLANG_WARN_INFINITE_RECURSION = YES;
				CLANG_WARN_INT_CONVERSION = YES;
				CLANG_WARN_NON_LITERAL_NULL_CONVERSION = YES;
				CLANG_WARN_OBJC_IMPLICIT_RETAIN_SELF = YES;
				CLANG_WARN_OBJC_LITERAL_CONVERSION = YES;
				CLANG_WARN_OBJC_ROOT_CLASS = YES_ERROR;
				CLANG_WARN_QUOTED_INCLUDE_IN_FRAMEWORK_HEADER = YES;
				CLANG_WARN_RANGE_LOOP_ANALYSIS = YES;
				CLANG_WARN_STRICT_PROTOTYPES = YES;
				CLANG_WARN_SUSPICIOUS_MOVE = YES;
				CLANG_WARN_UNGUARDED_AVAILABILITY = YES_AGGRESSIVE;
				CLANG_WARN_UNREACHABLE_CODE = YES;
				CLANG_WARN__DUPLICATE_METHOD_MATCH = YES;
				COPY_PHASE_STRIP = NO;
				DEBUG_INFORMATION_FORMAT = dwarf;
				ENABLE_STRICT_OBJC_MSGSEND = YES;
				ENABLE_TESTABILITY = YES;
				GCC_C_LANGUAGE_STANDARD = gnu11;
				GCC_DYNAMIC_NO_PIC = NO;
				GCC_NO_COMMON_BLOCKS = YES;
				GCC_OPTIMIZATION_LEVEL = 0;
				GCC_PREPROCESSOR_DEFINITIONS = (
					"DEBUG=1",
					"$(inherited)",
				);
				GCC_WARN_64_TO_32_BIT_CONVERSION = YES;
				GCC_WARN_ABOUT_RETURN_TYPE = YES_ERROR;
				GCC_WARN_UNDECLARED_SELECTOR = YES;
				GCC_WARN_UNINITIALIZED_AUTOS = YES_AGGRESSIVE;
				GCC_WARN_UNUSED_FUNCTION = YES;
				GCC_WARN_UNUSED_VARIABLE = YES;
				IPHONEOS_DEPLOYMENT_TARGET = 16.1;
				MTL_ENABLE_DEBUG_INFO = INCLUDE_SOURCE;
				MTL_FAST_MATH = YES;
				ONLY_ACTIVE_ARCH = YES;
				SDKROOT = iphoneos;
				SWIFT_ACTIVE_COMPILATION_CONDITIONS = DEBUG;
				SWIFT_OPTIMIZATION_LEVEL = "-Onone";
			};
			name = Debug;
		};
		50A70D322943B71F00DC96A2 /* Release */ = {
			isa = XCBuildConfiguration;
			buildSettings = {
				ALWAYS_SEARCH_USER_PATHS = NO;
				CLANG_ANALYZER_NONNULL = YES;
				CLANG_ANALYZER_NUMBER_OBJECT_CONVERSION = YES_AGGRESSIVE;
				CLANG_CXX_LANGUAGE_STANDARD = "gnu++20";
				CLANG_ENABLE_MODULES = YES;
				CLANG_ENABLE_OBJC_ARC = YES;
				CLANG_ENABLE_OBJC_WEAK = YES;
				CLANG_WARN_BLOCK_CAPTURE_AUTORELEASING = YES;
				CLANG_WARN_BOOL_CONVERSION = YES;
				CLANG_WARN_COMMA = YES;
				CLANG_WARN_CONSTANT_CONVERSION = YES;
				CLANG_WARN_DEPRECATED_OBJC_IMPLEMENTATIONS = YES;
				CLANG_WARN_DIRECT_OBJC_ISA_USAGE = YES_ERROR;
				CLANG_WARN_DOCUMENTATION_COMMENTS = YES;
				CLANG_WARN_EMPTY_BODY = YES;
				CLANG_WARN_ENUM_CONVERSION = YES;
				CLANG_WARN_INFINITE_RECURSION = YES;
				CLANG_WARN_INT_CONVERSION = YES;
				CLANG_WARN_NON_LITERAL_NULL_CONVERSION = YES;
				CLANG_WARN_OBJC_IMPLICIT_RETAIN_SELF = YES;
				CLANG_WARN_OBJC_LITERAL_CONVERSION = YES;
				CLANG_WARN_OBJC_ROOT_CLASS = YES_ERROR;
				CLANG_WARN_QUOTED_INCLUDE_IN_FRAMEWORK_HEADER = YES;
				CLANG_WARN_RANGE_LOOP_ANALYSIS = YES;
				CLANG_WARN_STRICT_PROTOTYPES = YES;
				CLANG_WARN_SUSPICIOUS_MOVE = YES;
				CLANG_WARN_UNGUARDED_AVAILABILITY = YES_AGGRESSIVE;
				CLANG_WARN_UNREACHABLE_CODE = YES;
				CLANG_WARN__DUPLICATE_METHOD_MATCH = YES;
				COPY_PHASE_STRIP = NO;
				DEBUG_INFORMATION_FORMAT = "dwarf-with-dsym";
				ENABLE_NS_ASSERTIONS = NO;
				ENABLE_STRICT_OBJC_MSGSEND = YES;
				GCC_C_LANGUAGE_STANDARD = gnu11;
				GCC_NO_COMMON_BLOCKS = YES;
				GCC_WARN_64_TO_32_BIT_CONVERSION = YES;
				GCC_WARN_ABOUT_RETURN_TYPE = YES_ERROR;
				GCC_WARN_UNDECLARED_SELECTOR = YES;
				GCC_WARN_UNINITIALIZED_AUTOS = YES_AGGRESSIVE;
				GCC_WARN_UNUSED_FUNCTION = YES;
				GCC_WARN_UNUSED_VARIABLE = YES;
				IPHONEOS_DEPLOYMENT_TARGET = 16.1;
				MTL_ENABLE_DEBUG_INFO = NO;
				MTL_FAST_MATH = YES;
				SDKROOT = iphoneos;
				SWIFT_COMPILATION_MODE = wholemodule;
				SWIFT_OPTIMIZATION_LEVEL = "-O";
				VALIDATE_PRODUCT = YES;
			};
			name = Release;
		};
		50A70D342943B71F00DC96A2 /* Debug */ = {
			isa = XCBuildConfiguration;
			buildSettings = {
				ASSETCATALOG_COMPILER_APPICON_NAME = AppIcon;
				ASSETCATALOG_COMPILER_GLOBAL_ACCENT_COLOR_NAME = AccentColor;
				CODE_SIGN_STYLE = Automatic;
				CURRENT_PROJECT_VERSION = 1;
				DEVELOPMENT_TEAM = 468LQ2J47A;
				GENERATE_INFOPLIST_FILE = YES;
				INFOPLIST_FILE = "Kade-Capstone/Info.plist";
				INFOPLIST_KEY_UIApplicationSupportsIndirectInputEvents = YES;
				INFOPLIST_KEY_UILaunchStoryboardName = LaunchScreen;
				INFOPLIST_KEY_UIMainStoryboardFile = Main;
				INFOPLIST_KEY_UISupportedInterfaceOrientations_iPad = "UIInterfaceOrientationPortrait UIInterfaceOrientationPortraitUpsideDown UIInterfaceOrientationLandscapeLeft UIInterfaceOrientationLandscapeRight";
				INFOPLIST_KEY_UISupportedInterfaceOrientations_iPhone = "UIInterfaceOrientationPortrait UIInterfaceOrientationLandscapeLeft UIInterfaceOrientationLandscapeRight";
				IPHONEOS_DEPLOYMENT_TARGET = 16.0;
				LD_RUNPATH_SEARCH_PATHS = (
					"$(inherited)",
					"@executable_path/Frameworks",
				);
				MARKETING_VERSION = 1.0;
				PRODUCT_BUNDLE_IDENTIFIER = "com.Caleb.Kade-Capstone";
				PRODUCT_NAME = "$(TARGET_NAME)";
				SWIFT_EMIT_LOC_STRINGS = YES;
				SWIFT_VERSION = 5.0;
				TARGETED_DEVICE_FAMILY = "1,2";
			};
			name = Debug;
		};
		50A70D352943B71F00DC96A2 /* Release */ = {
			isa = XCBuildConfiguration;
			buildSettings = {
				ASSETCATALOG_COMPILER_APPICON_NAME = AppIcon;
				ASSETCATALOG_COMPILER_GLOBAL_ACCENT_COLOR_NAME = AccentColor;
				CODE_SIGN_STYLE = Automatic;
				CURRENT_PROJECT_VERSION = 1;
				DEVELOPMENT_TEAM = 468LQ2J47A;
				GENERATE_INFOPLIST_FILE = YES;
				INFOPLIST_FILE = "Kade-Capstone/Info.plist";
				INFOPLIST_KEY_UIApplicationSupportsIndirectInputEvents = YES;
				INFOPLIST_KEY_UILaunchStoryboardName = LaunchScreen;
				INFOPLIST_KEY_UIMainStoryboardFile = Main;
				INFOPLIST_KEY_UISupportedInterfaceOrientations_iPad = "UIInterfaceOrientationPortrait UIInterfaceOrientationPortraitUpsideDown UIInterfaceOrientationLandscapeLeft UIInterfaceOrientationLandscapeRight";
				INFOPLIST_KEY_UISupportedInterfaceOrientations_iPhone = "UIInterfaceOrientationPortrait UIInterfaceOrientationLandscapeLeft UIInterfaceOrientationLandscapeRight";
				IPHONEOS_DEPLOYMENT_TARGET = 16.0;
				LD_RUNPATH_SEARCH_PATHS = (
					"$(inherited)",
					"@executable_path/Frameworks",
				);
				MARKETING_VERSION = 1.0;
				PRODUCT_BUNDLE_IDENTIFIER = "com.Caleb.Kade-Capstone";
				PRODUCT_NAME = "$(TARGET_NAME)";
				SWIFT_EMIT_LOC_STRINGS = YES;
				SWIFT_VERSION = 5.0;
				TARGETED_DEVICE_FAMILY = "1,2";
			};
			name = Release;
		};
/* End XCBuildConfiguration section */

/* Begin XCConfigurationList section */
		50A70D1A2943B71B00DC96A2 /* Build configuration list for PBXProject "Kade-Capstone" */ = {
			isa = XCConfigurationList;
			buildConfigurations = (
				50A70D312943B71F00DC96A2 /* Debug */,
				50A70D322943B71F00DC96A2 /* Release */,
			);
			defaultConfigurationIsVisible = 0;
			defaultConfigurationName = Release;
		};
		50A70D332943B71F00DC96A2 /* Build configuration list for PBXNativeTarget "Kade-Capstone" */ = {
			isa = XCConfigurationList;
			buildConfigurations = (
				50A70D342943B71F00DC96A2 /* Debug */,
				50A70D352943B71F00DC96A2 /* Release */,
			);
			defaultConfigurationIsVisible = 0;
			defaultConfigurationName = Release;
		};
/* End XCConfigurationList section */

/* Begin XCRemoteSwiftPackageReference section */
		502B70C72945004E008EAF52 /* XCRemoteSwiftPackageReference "firebase-ios-sdk" */ = {
			isa = XCRemoteSwiftPackageReference;
			repositoryURL = "https://github.com/firebase/firebase-ios-sdk";
			requirement = {
				kind = upToNextMajorVersion;
				minimumVersion = 9.0.0;
			};
		};
/* End XCRemoteSwiftPackageReference section */

/* Begin XCSwiftPackageProductDependency section */
		502B70C82945004E008EAF52 /* FirebaseAuth */ = {
			isa = XCSwiftPackageProductDependency;
			package = 502B70C72945004E008EAF52 /* XCRemoteSwiftPackageReference "firebase-ios-sdk" */;
			productName = FirebaseAuth;
		};
		502B70CA2945004E008EAF52 /* FirebaseDatabase */ = {
			isa = XCSwiftPackageProductDependency;
			package = 502B70C72945004E008EAF52 /* XCRemoteSwiftPackageReference "firebase-ios-sdk" */;
			productName = FirebaseDatabase;
		};
		502B70CC2945004E008EAF52 /* FirebaseFirestore */ = {
			isa = XCSwiftPackageProductDependency;
			package = 502B70C72945004E008EAF52 /* XCRemoteSwiftPackageReference "firebase-ios-sdk" */;
			productName = FirebaseFirestore;
		};
		502B70CE2945004E008EAF52 /* FirebaseStorage */ = {
			isa = XCSwiftPackageProductDependency;
			package = 502B70C72945004E008EAF52 /* XCRemoteSwiftPackageReference "firebase-ios-sdk" */;
			productName = FirebaseStorage;
		};
/* End XCSwiftPackageProductDependency section */
	};
	rootObject = 50A70D172943B71B00DC96A2 /* Project object */;
}
